// !$*UTF8*$!
{
	archiveVersion = 1;
	classes = {
	};
	objectVersion = 77;
	objects = {

/* Begin PBXBuildFile section */
		46DA99213005000000B79666 /* TingraAudio in Frameworks */ = {isa = PBXBuildFile; productRef = 46DA99113005000000B79666 /* TingraAudio */; };
		46DA99223005000000B79666 /* TingraCapturePlugIns in Frameworks */ = {isa = PBXBuildFile; productRef = 46DA99123005000000B79666 /* TingraCapturePlugIns */; };
		46DA99233005000000B79666 /* TingraComposition in Frameworks */ = {isa = PBXBuildFile; productRef = 46DA99133005000000B79666 /* TingraComposition */; };
		46DA99243005000000B79666 /* TingraEffectPlugIns in Frameworks */ = {isa = PBXBuildFile; productRef = 46DA99143005000000B79666 /* TingraEffectPlugIns */; };
		46DA99253005000000B79666 /* TingraEventBus in Frameworks */ = {isa = PBXBuildFile; productRef = 46DA99153005000000B79666 /* TingraEventBus */; };
		46DA99263005000000B79666 /* TingraGeneratorPlugIns in Frameworks */ = {isa = PBXBuildFile; productRef = 46DA99163005000000B79666 /* TingraGeneratorPlugIns */; };
		46DA99273005000000B79666 /* TingraHost in Frameworks */ = {isa = PBXBuildFile; productRef = 46DA99173005000000B79666 /* TingraHost */; };
		46DA99283005000000B79666 /* TingraOutputPlugIns in Frameworks */ = {isa = PBXBuildFile; productRef = 46DA99183005000000B79666 /* TingraOutputPlugIns */; };
		46DA99293005000000B79666 /* TingraPlugInKit in Frameworks */ = {isa = PBXBuildFile; productRef = 46DA99193005000000B79666 /* TingraPlugInKit */; };
/* End PBXBuildFile section */

/* Begin PBXContainerItemProxy section */
		46DA987030048EE600B79666 /* PBXContainerItemProxy */ = {
			isa = PBXContainerItemProxy;
			containerPortal = 46DA985A30048EE400B79666 /* Project object */;
			proxyType = 1;
			remoteGlobalIDString = 46DA986130048EE400B79666;
			remoteInfo = "tingra-app";
		};
/* End PBXContainerItemProxy section */

/* Begin PBXFileReference section */
		46DA99413005000000B79666 /* Tingra.xcconfig */ = {isa = PBXFileReference; lastKnownFileType = text.xcconfig; path = Tingra.xcconfig; sourceTree = "<group>"; };
		46DA99423005000000B79666 /* Local.xcconfig.example */ = {isa = PBXFileReference; lastKnownFileType = text; path = Local.xcconfig.example; sourceTree = "<group>"; };
		46DA986230048EE400B79666 /* Tingra.app */ = {isa = PBXFileReference; explicitFileType = wrapper.application; includeInIndex = 0; path = Tingra.app; sourceTree = BUILT_PRODUCTS_DIR; };
		46DA986F30048EE600B79666 /* tingra-appTests.xctest */ = {isa = PBXFileReference; explicitFileType = wrapper.cfbundle; includeInIndex = 0; path = "tingra-appTests.xctest"; sourceTree = BUILT_PRODUCTS_DIR; };
/* End PBXFileReference section */

/* Begin PBXFileSystemSynchronizedRootGroup section */
		46DA986430048EE400B79666 /* tingra-app */ = {
			isa = PBXFileSystemSynchronizedRootGroup;
			path = "tingra-app";
			sourceTree = "<group>";
		};
		46DA99313005000000B79666 /* tingra-appTests */ = {
			isa = PBXFileSystemSynchronizedRootGroup;
			path = "tingra-appTests";
			sourceTree = "<group>";
		};
/* End PBXFileSystemSynchronizedRootGroup section */

/* Begin PBXFrameworksBuildPhase section */
		46DA985F30048EE400B79666 /* Frameworks */ = {
			isa = PBXFrameworksBuildPhase;
			buildActionMask = 2147483647;
			files = (
				46DA99213005000000B79666 /* TingraAudio in Frameworks */,
				46DA99223005000000B79666 /* TingraCapturePlugIns in Frameworks */,
				46DA99233005000000B79666 /* TingraComposition in Frameworks */,
				46DA99243005000000B79666 /* TingraEffectPlugIns in Frameworks */,
				46DA99253005000000B79666 /* TingraEventBus in Frameworks */,
				46DA99263005000000B79666 /* TingraGeneratorPlugIns in Frameworks */,
				46DA99273005000000B79666 /* TingraHost in Frameworks */,
				46DA99283005000000B79666 /* TingraOutputPlugIns in Frameworks */,
				46DA99293005000000B79666 /* TingraPlugInKit in Frameworks */,
			);
			runOnlyForDeploymentPostprocessing = 0;
		};
		46DA986C30048EE600B79666 /* Frameworks */ = {
			isa = PBXFrameworksBuildPhase;
			buildActionMask = 2147483647;
			files = (
			);
			runOnlyForDeploymentPostprocessing = 0;
		};
/* End PBXFrameworksBuildPhase section */

/* Begin PBXGroup section */
		46DA985930048EE400B79666 = {
			isa = PBXGroup;
			children = (
				46DA99413005000000B79666 /* Tingra.xcconfig */,
				46DA99423005000000B79666 /* Local.xcconfig.example */,
				46DA986430048EE400B79666 /* tingra-app */,
				46DA99313005000000B79666 /* tingra-appTests */,
				46DA986330048EE400B79666 /* Products */,
			);
			sourceTree = "<group>";
		};
		46DA986330048EE400B79666 /* Products */ = {
			isa = PBXGroup;
			children = (
				46DA986230048EE400B79666 /* Tingra.app */,
				46DA986F30048EE600B79666 /* tingra-appTests.xctest */,
			);
			name = Products;
			sourceTree = "<group>";
		};
/* End PBXGroup section */

/* Begin PBXNativeTarget section */
		46DA986130048EE400B79666 /* tingra-app */ = {
			isa = PBXNativeTarget;
			buildConfigurationList = 46DA988330048EE600B79666 /* Build configuration list for PBXNativeTarget "tingra-app" */;
			buildPhases = (
				46DA985E30048EE400B79666 /* Sources */,
				46DA985F30048EE400B79666 /* Frameworks */,
				46DA986030048EE400B79666 /* Resources */,
			);
			buildRules = (
			);
			dependencies = (
			);
			fileSystemSynchronizedGroups = (
				46DA986430048EE400B79666 /* tingra-app */,
			);
			name = "tingra-app";
			packageProductDependencies = (
				46DA99113005000000B79666 /* TingraAudio */,
				46DA99123005000000B79666 /* TingraCapturePlugIns */,
				46DA99133005000000B79666 /* TingraComposition */,
				46DA99143005000000B79666 /* TingraEffectPlugIns */,
				46DA99153005000000B79666 /* TingraEventBus */,
				46DA99163005000000B79666 /* TingraGeneratorPlugIns */,
				46DA99173005000000B79666 /* TingraHost */,
				46DA99183005000000B79666 /* TingraOutputPlugIns */,
				46DA99193005000000B79666 /* TingraPlugInKit */,
			);
			productName = "tingra-app";
			productReference = 46DA986230048EE400B79666 /* Tingra.app */;
			productType = "com.apple.product-type.application";
		};
		46DA986E30048EE600B79666 /* tingra-appTests */ = {
			isa = PBXNativeTarget;
			buildConfigurationList = 46DA988630048EE600B79666 /* Build configuration list for PBXNativeTarget "tingra-appTests" */;
			buildPhases = (
				46DA986B30048EE600B79666 /* Sources */,
				46DA986C30048EE600B79666 /* Frameworks */,
				46DA986D30048EE600B79666 /* Resources */,
			);
			buildRules = (
			);
			dependencies = (
				46DA987130048EE600B79666 /* PBXTargetDependency */,
			);
			fileSystemSynchronizedGroups = (
				46DA99313005000000B79666 /* tingra-appTests */,
			);
			name = "tingra-appTests";
			packageProductDependencies = (
			);
			productName = "tingra-appTests";
			productReference = 46DA986F30048EE600B79666 /* tingra-appTests.xctest */;
			productType = "com.apple.product-type.bundle.unit-test";
		};
/* End PBXNativeTarget section */

/* Begin PBXProject section */
		46DA985A30048EE400B79666 /* Project object */ = {
			isa = PBXProject;
			attributes = {
				BuildIndependentTargetsInParallel = 1;
				LastSwiftUpdateCheck = 2660;
				LastUpgradeCheck = 2660;
				TargetAttributes = {
					46DA986130048EE400B79666 = {
						CreatedOnToolsVersion = 26.6;
					};
					46DA986E30048EE600B79666 = {
						CreatedOnToolsVersion = 26.6;
						TestTargetID = 46DA986130048EE400B79666;
					};
				};
			};
			buildConfigurationList = 46DA985D30048EE400B79666 /* Build configuration list for PBXProject "tingra-app" */;
			developmentRegion = en;
			hasScannedForEncodings = 0;
			knownRegions = (
				en,
				Base,
				de,
				es,
			);
			mainGroup = 46DA985930048EE400B79666;
			minimizedProjectReferenceProxies = 1;
			packageReferences = (
				46DA99013005000000B79666 /* XCLocalSwiftPackageReference "../../packages/TingraAudio" */,
				46DA99023005000000B79666 /* XCLocalSwiftPackageReference "../../packages/TingraCapturePlugIns" */,
				46DA99033005000000B79666 /* XCLocalSwiftPackageReference "../../packages/TingraComposition" */,
				46DA99043005000000B79666 /* XCLocalSwiftPackageReference "../../packages/TingraEffectPlugIns" */,
				46DA99053005000000B79666 /* XCLocalSwiftPackageReference "../../packages/TingraEventBus" */,
				46DA99063005000000B79666 /* XCLocalSwiftPackageReference "../../packages/TingraGeneratorPlugIns" */,
				46DA99073005000000B79666 /* XCLocalSwiftPackageReference "../../packages/TingraHost" */,
				46DA99083005000000B79666 /* XCLocalSwiftPackageReference "../../packages/TingraOutputPlugIns" */,
				46DA99093005000000B79666 /* XCLocalSwiftPackageReference "../../packages/TingraPlugInKit" */,
			);
			preferredProjectObjectVersion = 77;
			productRefGroup = 46DA986330048EE400B79666 /* Products */;
			projectDirPath = "";
			projectRoot = "";
			targets = (
				46DA986130048EE400B79666 /* tingra-app */,
				46DA986E30048EE600B79666 /* tingra-appTests */,
			);
		};
/* End PBXProject section */

/* Begin PBXResourcesBuildPhase section */
		46DA986030048EE400B79666 /* Resources */ = {
			isa = PBXResourcesBuildPhase;
			buildActionMask = 2147483647;
			files = (
			);
			runOnlyForDeploymentPostprocessing = 0;
		};
		46DA986D30048EE600B79666 /* Resources */ = {
			isa = PBXResourcesBuildPhase;
			buildActionMask = 2147483647;
			files = (
			);
			runOnlyForDeploymentPostprocessing = 0;
		};
/* End PBXResourcesBuildPhase section */

/* Begin PBXSourcesBuildPhase section */
		46DA985E30048EE400B79666 /* Sources */ = {
			isa = PBXSourcesBuildPhase;
			buildActionMask = 2147483647;
			files = (
			);
			runOnlyForDeploymentPostprocessing = 0;
		};
		46DA986B30048EE600B79666 /* Sources */ = {
			isa = PBXSourcesBuildPhase;
			buildActionMask = 2147483647;
			files = (
			);
			runOnlyForDeploymentPostprocessing = 0;
		};
/* End PBXSourcesBuildPhase section */

/* Begin PBXTargetDependency section */
		46DA987130048EE600B79666 /* PBXTargetDependency */ = {
			isa = PBXTargetDependency;
			target = 46DA986130048EE400B79666 /* tingra-app */;
			targetProxy = 46DA987030048EE600B79666 /* PBXContainerItemProxy */;
		};
/* End PBXTargetDependency section */

/* Begin XCBuildConfiguration section */
		46DA988130048EE600B79666 /* Debug */ = {
			isa = XCBuildConfiguration;
			baseConfigurationReference = 46DA99413005000000B79666 /* Tingra.xcconfig */;
			buildSettings = {
				ALWAYS_SEARCH_USER_PATHS = NO;
				ASSETCATALOG_COMPILER_GENERATE_SWIFT_ASSET_SYMBOL_EXTENSIONS = YES;
				CLANG_ANALYZER_NONNULL = YES;
				CLANG_ANALYZER_NUMBER_OBJECT_CONVERSION = YES_AGGRESSIVE;
				CLANG_CXX_LANGUAGE_STANDARD = "gnu++20";
				CLANG_ENABLE_MODULES = YES;
				CLANG_ENABLE_OBJC_ARC = YES;
				CLANG_ENABLE_OBJC_WEAK = YES;
				CLANG_WARN_BLOCK_CAPTURE_AUTORELEASING = YES;
				CLANG_WARN_BOOL_CONVERSION = YES;
				CLANG_WARN_COMMA = YES;
				CLANG_WARN_CONSTANT_CONVERSION = YES;
				CLANG_WARN_DEPRECATED_OBJC_IMPLEMENTATIONS = YES;
				CLANG_WARN_DIRECT_OBJC_ISA_USAGE = YES_ERROR;
				CLANG_WARN_DOCUMENTATION_COMMENTS = YES;
				CLANG_WARN_EMPTY_BODY = YES;
				CLANG_WARN_ENUM_CONVERSION = YES;
				CLANG_WARN_INFINITE_RECURSION = YES;
				CLANG_WARN_INT_CONVERSION = YES;
				CLANG_WARN_NON_LITERAL_NULL_CONVERSION = YES;
				CLANG_WARN_OBJC_IMPLICIT_RETAIN_SELF = YES;
				CLANG_WARN_OBJC_LITERAL_CONVERSION = YES;
				CLANG_WARN_OBJC_ROOT_CLASS = YES_ERROR;
				CLANG_WARN_QUOTED_INCLUDE_IN_FRAMEWORK_HEADER = YES;
				CLANG_WARN_RANGE_LOOP_ANALYSIS = YES;
				CLANG_WARN_STRICT_PROTOTYPES = YES;
				CLANG_WARN_SUSPICIOUS_MOVE = YES;
				CLANG_WARN_UNGUARDED_AVAILABILITY = YES_AGGRESSIVE;
				CLANG_WARN_UNREACHABLE_CODE = YES;
				CLANG_WARN__DUPLICATE_METHOD_MATCH = YES;
				COPY_PHASE_STRIP = NO;
				DEBUG_INFORMATION_FORMAT = dwarf;
				ENABLE_STRICT_OBJC_MSGSEND = YES;
				ENABLE_TESTABILITY = YES;
				ENABLE_USER_SCRIPT_SANDBOXING = YES;
				GCC_C_LANGUAGE_STANDARD = gnu17;
				GCC_DYNAMIC_NO_PIC = NO;
				GCC_NO_COMMON_BLOCKS = YES;
				GCC_OPTIMIZATION_LEVEL = 0;
				GCC_PREPROCESSOR_DEFINITIONS = (
					"DEBUG=1",
					"$(inherited)",
				);
				GCC_WARN_64_TO_32_BIT_CONVERSION = YES;
				GCC_WARN_ABOUT_RETURN_TYPE = YES_ERROR;
				GCC_WARN_UNDECLARED_SELECTOR = YES;
				GCC_WARN_UNINITIALIZED_AUTOS = YES_AGGRESSIVE;
				GCC_WARN_UNUSED_FUNCTION = YES;
				GCC_WARN_UNUSED_VARIABLE = YES;
				LOCALIZATION_PREFERS_STRING_CATALOGS = YES;
				MACOSX_DEPLOYMENT_TARGET = 15.0;
				MTL_ENABLE_DEBUG_INFO = INCLUDE_SOURCE;
				MTL_FAST_MATH = YES;
				ONLY_ACTIVE_ARCH = YES;
				SDKROOT = macosx;
				SWIFT_ACTIVE_COMPILATION_CONDITIONS = "DEBUG $(inherited)";
				SWIFT_OPTIMIZATION_LEVEL = "-Onone";
			};
			name = Debug;
		};
		46DA988230048EE600B79666 /* Release */ = {
			isa = XCBuildConfiguration;
			baseConfigurationReference = 46DA99413005000000B79666 /* Tingra.xcconfig */;
			buildSettings = {
				ALWAYS_SEARCH_USER_PATHS = NO;
				ASSETCATALOG_COMPILER_GENERATE_SWIFT_ASSET_SYMBOL_EXTENSIONS = YES;
				CLANG_ANALYZER_NONNULL = YES;
				CLANG_ANALYZER_NUMBER_OBJECT_CONVERSION = YES_AGGRESSIVE;
				CLANG_CXX_LANGUAGE_STANDARD = "gnu++20";
				CLANG_ENABLE_MODULES = YES;
				CLANG_ENABLE_OBJC_ARC = YES;
				CLANG_ENABLE_OBJC_WEAK = YES;
				CLANG_WARN_BLOCK_CAPTURE_AUTORELEASING = YES;
				CLANG_WARN_BOOL_CONVERSION = YES;
				CLANG_WARN_COMMA = YES;
				CLANG_WARN_CONSTANT_CONVERSION = YES;
				CLANG_WARN_DEPRECATED_OBJC_IMPLEMENTATIONS = YES;
				CLANG_WARN_DIRECT_OBJC_ISA_USAGE = YES_ERROR;
				CLANG_WARN_DOCUMENTATION_COMMENTS = YES;
				CLANG_WARN_EMPTY_BODY = YES;
				CLANG_WARN_ENUM_CONVERSION = YES;
				CLANG_WARN_INFINITE_RECURSION = YES;
				CLANG_WARN_INT_CONVERSION = YES;
				CLANG_WARN_NON_LITERAL_NULL_CONVERSION = YES;
				CLANG_WARN_OBJC_IMPLICIT_RETAIN_SELF = YES;
				CLANG_WARN_OBJC_LITERAL_CONVERSION = YES;
				CLANG_WARN_OBJC_ROOT_CLASS = YES_ERROR;
				CLANG_WARN_QUOTED_INCLUDE_IN_FRAMEWORK_HEADER = YES;
				CLANG_WARN_RANGE_LOOP_ANALYSIS = YES;
				CLANG_WARN_STRICT_PROTOTYPES = YES;
				CLANG_WARN_SUSPICIOUS_MOVE = YES;
				CLANG_WARN_UNGUARDED_AVAILABILITY = YES_AGGRESSIVE;
				CLANG_WARN_UNREACHABLE_CODE = YES;
				CLANG_WARN__DUPLICATE_METHOD_MATCH = YES;
				COPY_PHASE_STRIP = NO;
				DEBUG_INFORMATION_FORMAT = "dwarf-with-dsym";
				ENABLE_NS_ASSERTIONS = NO;
				ENABLE_STRICT_OBJC_MSGSEND = YES;
				ENABLE_USER_SCRIPT_SANDBOXING = YES;
				GCC_C_LANGUAGE_STANDARD = gnu17;
				GCC_NO_COMMON_BLOCKS = YES;
				GCC_WARN_64_TO_32_BIT_CONVERSION = YES;
				GCC_WARN_ABOUT_RETURN_TYPE = YES_ERROR;
				GCC_WARN_UNDECLARED_SELECTOR = YES;
				GCC_WARN_UNINITIALIZED_AUTOS = YES_AGGRESSIVE;
				GCC_WARN_UNUSED_FUNCTION = YES;
				GCC_WARN_UNUSED_VARIABLE = YES;
				LOCALIZATION_PREFERS_STRING_CATALOGS = YES;
				MACOSX_DEPLOYMENT_TARGET = 15.0;
				MTL_ENABLE_DEBUG_INFO = NO;
				MTL_FAST_MATH = YES;
				SDKROOT = macosx;
				SWIFT_COMPILATION_MODE = wholemodule;
			};
			name = Release;
		};
		46DA988430048EE600B79666 /* Debug */ = {
			isa = XCBuildConfiguration;
			buildSettings = {
				ASSETCATALOG_COMPILER_APPICON_NAME = AppIcon;
				ASSETCATALOG_COMPILER_GLOBAL_ACCENT_COLOR_NAME = AccentColor;
				CODE_SIGN_ENTITLEMENTS = "tingra-app/tingra-app.entitlements";
				CODE_SIGN_STYLE = Automatic;
				COMBINE_HIDPI_IMAGES = YES;
				CURRENT_PROJECT_VERSION = 1;
				ENABLE_APP_SANDBOX = NO;
				ENABLE_HARDENED_RUNTIME = YES;
				ENABLE_PREVIEWS = YES;
				GENERATE_INFOPLIST_FILE = YES;
				INFOPLIST_KEY_LSApplicationCategoryType = "public.app-category.video";
				INFOPLIST_KEY_NSCameraUsageDescription = "Tingra composites your camera into the program.";
				INFOPLIST_KEY_NSHumanReadableCopyright = "Copyright © 2026 Larry Aasen.";
				INFOPLIST_KEY_NSMicrophoneUsageDescription = "Tingra mixes your microphone into the program.";
				LD_RUNPATH_SEARCH_PATHS = (
					"$(inherited)",
					"@executable_path/../Frameworks",
				);
				MARKETING_VERSION = 1.0;
				PRODUCT_BUNDLE_IDENTIFIER = com.moonwink.tingra.app;
				PRODUCT_MODULE_NAME = TingraApp;
				PRODUCT_NAME = Tingra;
				STRING_CATALOG_GENERATE_SYMBOLS = YES;
				SWIFT_APPROACHABLE_CONCURRENCY = YES;
				SWIFT_DEFAULT_ACTOR_ISOLATION = MainActor;
				SWIFT_EMIT_LOC_STRINGS = YES;
				SWIFT_UPCOMING_FEATURE_MEMBER_IMPORT_VISIBILITY = YES;
				SWIFT_VERSION = 6.0;
			};
			name = Debug;
		};
		46DA988530048EE600B79666 /* Release */ = {
			isa = XCBuildConfiguration;
			buildSettings = {
				ASSETCATALOG_COMPILER_APPICON_NAME = AppIcon;
				ASSETCATALOG_COMPILER_GLOBAL_ACCENT_COLOR_NAME = AccentColor;
				CODE_SIGN_ENTITLEMENTS = "tingra-app/tingra-app.entitlements";
				CODE_SIGN_STYLE = Automatic;
				COMBINE_HIDPI_IMAGES = YES;
				CURRENT_PROJECT_VERSION = 1;
				ENABLE_APP_SANDBOX = NO;
				ENABLE_HARDENED_RUNTIME = YES;
				ENABLE_PREVIEWS = YES;
				GENERATE_INFOPLIST_FILE = YES;
				INFOPLIST_KEY_LSApplicationCategoryType = "public.app-category.video";
				INFOPLIST_KEY_NSCameraUsageDescription = "Tingra composites your camera into the program.";
				INFOPLIST_KEY_NSHumanReadableCopyright = "Copyright © 2026 Larry Aasen.";
				INFOPLIST_KEY_NSMicrophoneUsageDescription = "Tingra mixes your microphone into the program.";
				LD_RUNPATH_SEARCH_PATHS = (
					"$(inherited)",
					"@executable_path/../Frameworks",
				);
				MARKETING_VERSION = 1.0;
				PRODUCT_BUNDLE_IDENTIFIER = com.moonwink.tingra.app;
				PRODUCT_MODULE_NAME = TingraApp;
				PRODUCT_NAME = Tingra;
				STRING_CATALOG_GENERATE_SYMBOLS = YES;
				SWIFT_APPROACHABLE_CONCURRENCY = YES;
				SWIFT_DEFAULT_ACTOR_ISOLATION = MainActor;
				SWIFT_EMIT_LOC_STRINGS = YES;
				SWIFT_UPCOMING_FEATURE_MEMBER_IMPORT_VISIBILITY = YES;
				SWIFT_VERSION = 6.0;
			};
			name = Release;
		};
		46DA988730048EE600B79666 /* Debug */ = {
			isa = XCBuildConfiguration;
			buildSettings = {
				BUNDLE_LOADER = "$(TEST_HOST)";
				CODE_SIGN_STYLE = Automatic;
				CURRENT_PROJECT_VERSION = 1;
				GENERATE_INFOPLIST_FILE = YES;
				MACOSX_DEPLOYMENT_TARGET = 15.0;
				MARKETING_VERSION = 1.0;
				PRODUCT_BUNDLE_IDENTIFIER = "com.moonwink.tingra.app.tests";
				PRODUCT_NAME = "$(TARGET_NAME)";
				STRING_CATALOG_GENERATE_SYMBOLS = NO;
				SWIFT_APPROACHABLE_CONCURRENCY = YES;
				SWIFT_DEFAULT_ACTOR_ISOLATION = MainActor;
				SWIFT_EMIT_LOC_STRINGS = NO;
				SWIFT_UPCOMING_FEATURE_MEMBER_IMPORT_VISIBILITY = YES;
				SWIFT_VERSION = 6.0;
				TEST_HOST = "$(BUILT_PRODUCTS_DIR)/Tingra.app/$(BUNDLE_EXECUTABLE_FOLDER_PATH)/Tingra";
			};
			name = Debug;
		};
		46DA988830048EE600B79666 /* Release */ = {
			isa = XCBuildConfiguration;
			buildSettings = {
				BUNDLE_LOADER = "$(TEST_HOST)";
				CODE_SIGN_STYLE = Automatic;
				CURRENT_PROJECT_VERSION = 1;
				GENERATE_INFOPLIST_FILE = YES;
				MACOSX_DEPLOYMENT_TARGET = 15.0;
				MARKETING_VERSION = 1.0;
				PRODUCT_BUNDLE_IDENTIFIER = "com.moonwink.tingra.app.tests";
				PRODUCT_NAME = "$(TARGET_NAME)";
				STRING_CATALOG_GENERATE_SYMBOLS = NO;
				SWIFT_APPROACHABLE_CONCURRENCY = YES;
				SWIFT_DEFAULT_ACTOR_ISOLATION = MainActor;
				SWIFT_EMIT_LOC_STRINGS = NO;
				SWIFT_UPCOMING_FEATURE_MEMBER_IMPORT_VISIBILITY = YES;
				SWIFT_VERSION = 6.0;
				TEST_HOST = "$(BUILT_PRODUCTS_DIR)/Tingra.app/$(BUNDLE_EXECUTABLE_FOLDER_PATH)/Tingra";
			};
			name = Release;
		};
/* End XCBuildConfiguration section */

/* Begin XCConfigurationList section */
		46DA985D30048EE400B79666 /* Build configuration list for PBXProject "tingra-app" */ = {
			isa = XCConfigurationList;
			buildConfigurations = (
				46DA988130048EE600B79666 /* Debug */,
				46DA988230048EE600B79666 /* Release */,
			);
			defaultConfigurationIsVisible = 0;
			defaultConfigurationName = Release;
		};
		46DA988330048EE600B79666 /* Build configuration list for PBXNativeTarget "tingra-app" */ = {
			isa = XCConfigurationList;
			buildConfigurations = (
				46DA988430048EE600B79666 /* Debug */,
				46DA988530048EE600B79666 /* Release */,
			);
			defaultConfigurationIsVisible = 0;
			defaultConfigurationName = Release;
		};
		46DA988630048EE600B79666 /* Build configuration list for PBXNativeTarget "tingra-appTests" */ = {
			isa = XCConfigurationList;
			buildConfigurations = (
				46DA988730048EE600B79666 /* Debug */,
				46DA988830048EE600B79666 /* Release */,
			);
			defaultConfigurationIsVisible = 0;
			defaultConfigurationName = Release;
		};
/* End XCConfigurationList section */

/* Begin XCLocalSwiftPackageReference section */
		46DA99013005000000B79666 /* XCLocalSwiftPackageReference "../../packages/TingraAudio" */ = {
			isa = XCLocalSwiftPackageReference;
			relativePath = ../../packages/TingraAudio;
		};
		46DA99023005000000B79666 /* XCLocalSwiftPackageReference "../../packages/TingraCapturePlugIns" */ = {
			isa = XCLocalSwiftPackageReference;
			relativePath = ../../packages/TingraCapturePlugIns;
		};
		46DA99033005000000B79666 /* XCLocalSwiftPackageReference "../../packages/TingraComposition" */ = {
			isa = XCLocalSwiftPackageReference;
			relativePath = ../../packages/TingraComposition;
		};
		46DA99043005000000B79666 /* XCLocalSwiftPackageReference "../../packages/TingraEffectPlugIns" */ = {
			isa = XCLocalSwiftPackageReference;
			relativePath = ../../packages/TingraEffectPlugIns;
		};
		46DA99053005000000B79666 /* XCLocalSwiftPackageReference "../../packages/TingraEventBus" */ = {
			isa = XCLocalSwiftPackageReference;
			relativePath = ../../packages/TingraEventBus;
		};
		46DA99063005000000B79666 /* XCLocalSwiftPackageReference "../../packages/TingraGeneratorPlugIns" */ = {
			isa = XCLocalSwiftPackageReference;
			relativePath = ../../packages/TingraGeneratorPlugIns;
		};
		46DA99073005000000B79666 /* XCLocalSwiftPackageReference "../../packages/TingraHost" */ = {
			isa = XCLocalSwiftPackageReference;
			relativePath = ../../packages/TingraHost;
		};
		46DA99083005000000B79666 /* XCLocalSwiftPackageReference "../../packages/TingraOutputPlugIns" */ = {
			isa = XCLocalSwiftPackageReference;
			relativePath = ../../packages/TingraOutputPlugIns;
		};
		46DA99093005000000B79666 /* XCLocalSwiftPackageReference "../../packages/TingraPlugInKit" */ = {
			isa = XCLocalSwiftPackageReference;
			relativePath = ../../packages/TingraPlugInKit;
		};
/* End XCLocalSwiftPackageReference section */

/* Begin XCSwiftPackageProductDependency section */
		46DA99113005000000B79666 /* TingraAudio */ = {
			isa = XCSwiftPackageProductDependency;
			productName = TingraAudio;
		};
		46DA99123005000000B79666 /* TingraCapturePlugIns */ = {
			isa = XCSwiftPackageProductDependency;
			productName = TingraCapturePlugIns;
		};
		46DA99133005000000B79666 /* TingraComposition */ = {
			isa = XCSwiftPackageProductDependency;
			productName = TingraComposition;
		};
		46DA99143005000000B79666 /* TingraEffectPlugIns */ = {
			isa = XCSwiftPackageProductDependency;
			productName = TingraEffectPlugIns;
		};
		46DA99153005000000B79666 /* TingraEventBus */ = {
			isa = XCSwiftPackageProductDependency;
			productName = TingraEventBus;
		};
		46DA99163005000000B79666 /* TingraGeneratorPlugIns */ = {
			isa = XCSwiftPackageProductDependency;
			productName = TingraGeneratorPlugIns;
		};
		46DA99173005000000B79666 /* TingraHost */ = {
			isa = XCSwiftPackageProductDependency;
			productName = TingraHost;
		};
		46DA99183005000000B79666 /* TingraOutputPlugIns */ = {
			isa = XCSwiftPackageProductDependency;
			productName = TingraOutputPlugIns;
		};
		46DA99193005000000B79666 /* TingraPlugInKit */ = {
			isa = XCSwiftPackageProductDependency;
			productName = TingraPlugInKit;
		};
/* End XCSwiftPackageProductDependency section */
	};
	rootObject = 46DA985A30048EE400B79666 /* Project object */;
}
